// !$*UTF8*$!
{
	archiveVersion = 1;
	classes = {
	};
	objectVersion = 46;
	objects = {

/* Begin PBXBuildFile section */
		091D02101E7C204200C9A437 /* RoundTextField.swift in Sources */ = {isa = PBXBuildFile; fileRef = 091D020F1E7C204200C9A437 /* RoundTextField.swift */; };
		091D02121E7C2B2D00C9A437 /* RoundedButoon.swift in Sources */ = {isa = PBXBuildFile; fileRef = 091D02111E7C2B2D00C9A437 /* RoundedButoon.swift */; };
		091D02151E7C2EAC00C9A437 /* LoginVC.swift in Sources */ = {isa = PBXBuildFile; fileRef = 091D02141E7C2EAC00C9A437 /* LoginVC.swift */; };
		091D02181E7C320D00C9A437 /* AuthService.swift in Sources */ = {isa = PBXBuildFile; fileRef = 091D02171E7C320D00C9A437 /* AuthService.swift */; };
		095CCCDB1E7C429500B23DCA /* DataService.swift in Sources */ = {isa = PBXBuildFile; fileRef = 095CCCDA1E7C429500B23DCA /* DataService.swift */; };
		095CCCDD1E7C463B00B23DCA /* UsersVC.swift in Sources */ = {isa = PBXBuildFile; fileRef = 095CCCDC1E7C463B00B23DCA /* UsersVC.swift */; };
		095CCCDF1E7C474500B23DCA /* UserCell.swift in Sources */ = {isa = PBXBuildFile; fileRef = 095CCCDE1E7C474500B23DCA /* UserCell.swift */; };
		095CCCE21E7C499C00B23DCA /* User.swift in Sources */ = {isa = PBXBuildFile; fileRef = 095CCCE11E7C499C00B23DCA /* User.swift */; };
		097BBA351E7C01BC00924181 /* AppDelegate.swift in Sources */ = {isa = PBXBuildFile; fileRef = 097BBA341E7C01BC00924181 /* AppDelegate.swift */; };
		097BBA371E7C01BC00924181 /* CameraVC.swift in Sources */ = {isa = PBXBuildFile; fileRef = 097BBA361E7C01BC00924181 /* CameraVC.swift */; };
		097BBA3C1E7C01BC00924181 /* Assets.xcassets in Resources */ = {isa = PBXBuildFile; fileRef = 097BBA3B1E7C01BC00924181 /* Assets.xcassets */; };
		097BBA3F1E7C01BC00924181 /* LaunchScreen.storyboard in Resources */ = {isa = PBXBuildFile; fileRef = 097BBA3D1E7C01BC00924181 /* LaunchScreen.storyboard */; };
		097BBA491E7C040700924181 /* PreviewView.swift in Sources */ = {isa = PBXBuildFile; fileRef = 097BBA461E7C040700924181 /* PreviewView.swift */; };
		097BBA4A1E7C040700924181 /* CameraViewController.swift in Sources */ = {isa = PBXBuildFile; fileRef = 097BBA471E7C040700924181 /* CameraViewController.swift */; };
		097BBA4B1E7C040700924181 /* PhotoCaptureDelegate.swift in Sources */ = {isa = PBXBuildFile; fileRef = 097BBA481E7C040700924181 /* PhotoCaptureDelegate.swift */; };
		097BBA4D1E7C09D300924181 /* Main.storyboard in Resources */ = {isa = PBXBuildFile; fileRef = 097BBA4C1E7C09D300924181 /* Main.storyboard */; };
		097BBA4F1E7C15E200924181 /* GoogleService-Info.plist in Resources */ = {isa = PBXBuildFile; fileRef = 097BBA4E1E7C15E200924181 /* GoogleService-Info.plist */; };
		C68BE1049FE66EF6EEF8821B /* Pods_Crew_Chat.framework in Frameworks */ = {isa = PBXBuildFile; fileRef = DFF81B5380F503754B30AFC8 /* Pods_Crew_Chat.framework */; };
/* End PBXBuildFile section */

/* Begin PBXFileReference section */
		091D020F1E7C204200C9A437 /* RoundTextField.swift */ = {isa = PBXFileReference; fileEncoding = 4; lastKnownFileType = sourcecode.swift; path = RoundTextField.swift; sourceTree = "<group>"; };
		091D02111E7C2B2D00C9A437 /* RoundedButoon.swift */ = {isa = PBXFileReference; fileEncoding = 4; lastKnownFileType = sourcecode.swift; path = RoundedButoon.swift; sourceTree = "<group>"; };
		091D02141E7C2EAC00C9A437 /* LoginVC.swift */ = {isa = PBXFileReference; fileEncoding = 4; lastKnownFileType = sourcecode.swift; path = LoginVC.swift; sourceTree = "<group>"; };
		091D02171E7C320D00C9A437 /* AuthService.swift */ = {isa = PBXFileReference; fileEncoding = 4; lastKnownFileType = sourcecode.swift; path = AuthService.swift; sourceTree = "<group>"; };
		095CCCDA1E7C429500B23DCA /* DataService.swift */ = {isa = PBXFileReference; fileEncoding = 4; lastKnownFileType = sourcecode.swift; path = DataService.swift; sourceTree = "<group>"; };
		095CCCDC1E7C463B00B23DCA /* UsersVC.swift */ = {isa = PBXFileReference; fileEncoding = 4; lastKnownFileType = sourcecode.swift; path = UsersVC.swift; sourceTree = "<group>"; };
		095CCCDE1E7C474500B23DCA /* UserCell.swift */ = {isa = PBXFileReference; fileEncoding = 4; lastKnownFileType = sourcecode.swift; path = UserCell.swift; sourceTree = "<group>"; };
		095CCCE11E7C499C00B23DCA /* User.swift */ = {isa = PBXFileReference; fileEncoding = 4; lastKnownFileType = sourcecode.swift; path = User.swift; sourceTree = "<group>"; };
		097BBA311E7C01BC00924181 /* Crew-Chat.app */ = {isa = PBXFileReference; explicitFileType = wrapper.application; includeInIndex = 0; path = "Crew-Chat.app"; sourceTree = BUILT_PRODUCTS_DIR; };
		097BBA341E7C01BC00924181 /* AppDelegate.swift */ = {isa = PBXFileReference; lastKnownFileType = sourcecode.swift; path = AppDelegate.swift; sourceTree = "<group>"; };
		097BBA361E7C01BC00924181 /* CameraVC.swift */ = {isa = PBXFileReference; lastKnownFileType = sourcecode.swift; path = CameraVC.swift; sourceTree = "<group>"; };
		097BBA3B1E7C01BC00924181 /* Assets.xcassets */ = {isa = PBXFileReference; lastKnownFileType = folder.assetcatalog; path = Assets.xcassets; sourceTree = "<group>"; };
		097BBA3E1E7C01BC00924181 /* Base */ = {isa = PBXFileReference; lastKnownFileType = file.storyboard; name = Base; path = Base.lproj/LaunchScreen.storyboard; sourceTree = "<group>"; };
		097BBA401E7C01BC00924181 /* Info.plist */ = {isa = PBXFileReference; lastKnownFileType = text.plist.xml; path = Info.plist; sourceTree = "<group>"; };
		097BBA461E7C040700924181 /* PreviewView.swift */ = {isa = PBXFileReference; fileEncoding = 4; lastKnownFileType = sourcecode.swift; path = PreviewView.swift; sourceTree = "<group>"; };
		097BBA471E7C040700924181 /* CameraViewController.swift */ = {isa = PBXFileReference; fileEncoding = 4; lastKnownFileType = sourcecode.swift; path = CameraViewController.swift; sourceTree = "<group>"; };
		097BBA481E7C040700924181 /* PhotoCaptureDelegate.swift */ = {isa = PBXFileReference; fileEncoding = 4; lastKnownFileType = sourcecode.swift; path = PhotoCaptureDelegate.swift; sourceTree = "<group>"; };
		097BBA4C1E7C09D300924181 /* Main.storyboard */ = {isa = PBXFileReference; fileEncoding = 4; lastKnownFileType = file.storyboard; path = Main.storyboard; sourceTree = "<group>"; };
		097BBA4E1E7C15E200924181 /* GoogleService-Info.plist */ = {isa = PBXFileReference; fileEncoding = 4; lastKnownFileType = text.plist.xml; path = "GoogleService-Info.plist"; sourceTree = "<group>"; };
		A2253C9FFB232477A4982B75 /* Pods-Crew-Chat.release.xcconfig */ = {isa = PBXFileReference; includeInIndex = 1; lastKnownFileType = text.xcconfig; name = "Pods-Crew-Chat.release.xcconfig"; path = "Pods/Target Support Files/Pods-Crew-Chat/Pods-Crew-Chat.release.xcconfig"; sourceTree = "<group>"; };
		D7B82D3CB957256B7E7A799F /* Pods-Crew-Chat.debug.xcconfig */ = {isa = PBXFileReference; includeInIndex = 1; lastKnownFileType = text.xcconfig; name = "Pods-Crew-Chat.debug.xcconfig"; path = "Pods/Target Support Files/Pods-Crew-Chat/Pods-Crew-Chat.debug.xcconfig"; sourceTree = "<group>"; };
		DFF81B5380F503754B30AFC8 /* Pods_Crew_Chat.framework */ = {isa = PBXFileReference; explicitFileType = wrapper.framework; includeInIndex = 0; path = Pods_Crew_Chat.framework; sourceTree = BUILT_PRODUCTS_DIR; };
/* End PBXFileReference section */

/* Begin PBXFrameworksBuildPhase section */
		097BBA2E1E7C01BC00924181 /* Frameworks */ = {
			isa = PBXFrameworksBuildPhase;
			buildActionMask = 2147483647;
			files = (
				C68BE1049FE66EF6EEF8821B /* Pods_Crew_Chat.framework in Frameworks */,
			);
			runOnlyForDeploymentPostprocessing = 0;
		};
/* End PBXFrameworksBuildPhase section */

/* Begin PBXGroup section */
		091D020E1E7C203200C9A437 /* View */ = {
			isa = PBXGroup;
			children = (
				091D020F1E7C204200C9A437 /* RoundTextField.swift */,
				091D02111E7C2B2D00C9A437 /* RoundedButoon.swift */,
				095CCCDE1E7C474500B23DCA /* UserCell.swift */,
			);
			name = View;
			sourceTree = "<group>";
		};
		091D02131E7C2E9500C9A437 /* Controller */ = {
			isa = PBXGroup;
			children = (
				091D02141E7C2EAC00C9A437 /* LoginVC.swift */,
				097BBA471E7C040700924181 /* CameraViewController.swift */,
				095CCCDC1E7C463B00B23DCA /* UsersVC.swift */,
			);
			name = Controller;
			sourceTree = "<group>";
		};
		091D02161E7C31FB00C9A437 /* Services */ = {
			isa = PBXGroup;
			children = (
				091D02171E7C320D00C9A437 /* AuthService.swift */,
				095CCCDA1E7C429500B23DCA /* DataService.swift */,
			);
			name = Services;
			sourceTree = "<group>";
		};
		095CCCE01E7C498F00B23DCA /* Model */ = {
			isa = PBXGroup;
			children = (
				095CCCE11E7C499C00B23DCA /* User.swift */,
			);
			name = Model;
			sourceTree = "<group>";
		};
		097BBA281E7C01BC00924181 = {
			isa = PBXGroup;
			children = (
				097BBA331E7C01BC00924181 /* Crew-Chat */,
				097BBA321E7C01BC00924181 /* Products */,
				E6EAF11ADFE862A9B7B61184 /* Pods */,
				D2EF0D0AC954BC57FA3E1C71 /* Frameworks */,
			);
			sourceTree = "<group>";
		};
		097BBA321E7C01BC00924181 /* Products */ = {
			isa = PBXGroup;
			children = (
				097BBA311E7C01BC00924181 /* Crew-Chat.app */,
			);
			name = Products;
			sourceTree = "<group>";
		};
		097BBA331E7C01BC00924181 /* Crew-Chat */ = {
			isa = PBXGroup;
			children = (
				095CCCE01E7C498F00B23DCA /* Model */,
				091D02161E7C31FB00C9A437 /* Services */,
				091D02131E7C2E9500C9A437 /* Controller */,
				091D020E1E7C203200C9A437 /* View */,
				097BBA461E7C040700924181 /* PreviewView.swift */,
				097BBA481E7C040700924181 /* PhotoCaptureDelegate.swift */,
				097BBA341E7C01BC00924181 /* AppDelegate.swift */,
				097BBA361E7C01BC00924181 /* CameraVC.swift */,
				097BBA4C1E7C09D300924181 /* Main.storyboard */,
				097BBA3B1E7C01BC00924181 /* Assets.xcassets */,
				097BBA3D1E7C01BC00924181 /* LaunchScreen.storyboard */,
				097BBA401E7C01BC00924181 /* Info.plist */,
				097BBA4E1E7C15E200924181 /* GoogleService-Info.plist */,
			);
			path = "Crew-Chat";
			sourceTree = "<group>";
		};
		D2EF0D0AC954BC57FA3E1C71 /* Frameworks */ = {
			isa = PBXGroup;
			children = (
				DFF81B5380F503754B30AFC8 /* Pods_Crew_Chat.framework */,
			);
			name = Frameworks;
			sourceTree = "<group>";
		};
		E6EAF11ADFE862A9B7B61184 /* Pods */ = {
			isa = PBXGroup;
			children = (
				D7B82D3CB957256B7E7A799F /* Pods-Crew-Chat.debug.xcconfig */,
				A2253C9FFB232477A4982B75 /* Pods-Crew-Chat.release.xcconfig */,
			);
			name = Pods;
			sourceTree = "<group>";
		};
/* End PBXGroup section */

/* Begin PBXNativeTarget section */
		097BBA301E7C01BC00924181 /* Crew-Chat */ = {
			isa = PBXNativeTarget;
			buildConfigurationList = 097BBA431E7C01BC00924181 /* Build configuration list for PBXNativeTarget "Crew-Chat" */;
			buildPhases = (
				8B582F978E36080B1B63549B /* [CP] Check Pods Manifest.lock */,
				097BBA2D1E7C01BC00924181 /* Sources */,
				097BBA2E1E7C01BC00924181 /* Frameworks */,
				097BBA2F1E7C01BC00924181 /* Resources */,
				FBD9F5E14661610C4E7B13E5 /* [CP] Embed Pods Frameworks */,
				F89F84FFD225FDEC534AE53F /* [CP] Copy Pods Resources */,
			);
			buildRules = (
			);
			dependencies = (
			);
			name = "Crew-Chat";
			productName = "Crew-Chat";
			productReference = 097BBA311E7C01BC00924181 /* Crew-Chat.app */;
			productType = "com.apple.product-type.application";
		};
/* End PBXNativeTarget section */

/* Begin PBXProject section */
		097BBA291E7C01BC00924181 /* Project object */ = {
			isa = PBXProject;
			attributes = {
				LastSwiftUpdateCheck = 0830;
				LastUpgradeCheck = 0830;
				ORGANIZATIONNAME = "CrewNET IVS";
				TargetAttributes = {
					097BBA301E7C01BC00924181 = {
						CreatedOnToolsVersion = 8.3;
						DevelopmentTeam = 93L72G83S5;
						ProvisioningStyle = Automatic;
					};
				};
			};
			buildConfigurationList = 097BBA2C1E7C01BC00924181 /* Build configuration list for PBXProject "Crew-Chat" */;
			compatibilityVersion = "Xcode 3.2";
			developmentRegion = English;
			hasScannedForEncodings = 0;
			knownRegions = (
				en,
				Base,
			);
			mainGroup = 097BBA281E7C01BC00924181;
			productRefGroup = 097BBA321E7C01BC00924181 /* Products */;
			projectDirPath = "";
			projectRoot = "";
			targets = (
				097BBA301E7C01BC00924181 /* Crew-Chat */,
			);
		};
/* End PBXProject section */

/* Begin PBXResourcesBuildPhase section */
		097BBA2F1E7C01BC00924181 /* Resources */ = {
			isa = PBXResourcesBuildPhase;
			buildActionMask = 2147483647;
			files = (
				097BBA3F1E7C01BC00924181 /* LaunchScreen.storyboard in Resources */,
				097BBA3C1E7C01BC00924181 /* Assets.xcassets in Resources */,
				097BBA4D1E7C09D300924181 /* Main.storyboard in Resources */,
				097BBA4F1E7C15E200924181 /* GoogleService-Info.plist in Resources */,
			);
			runOnlyForDeploymentPostprocessing = 0;
		};
/* End PBXResourcesBuildPhase section */

/* Begin PBXShellScriptBuildPhase section */
		8B582F978E36080B1B63549B /* [CP] Check Pods Manifest.lock */ = {
			isa = PBXShellScriptBuildPhase;
			buildActionMask = 2147483647;
			files = (
			);
			inputPaths = (
			);
			name = "[CP] Check Pods Manifest.lock";
			outputPaths = (
			);
			runOnlyForDeploymentPostprocessing = 0;
			shellPath = /bin/sh;
			shellScript = "diff \"${PODS_ROOT}/../Podfile.lock\" \"${PODS_ROOT}/Manifest.lock\" > /dev/null\nif [ $? != 0 ] ; then\n    # print error to STDERR\n    echo \"error: The sandbox is not in sync with the Podfile.lock. Run 'pod install' or update your CocoaPods installation.\" >&2\n    exit 1\nfi\n";
			showEnvVarsInLog = 0;
		};
		F89F84FFD225FDEC534AE53F /* [CP] Copy Pods Resources */ = {
			isa = PBXShellScriptBuildPhase;
			buildActionMask = 2147483647;
			files = (
			);
			inputPaths = (
			);
			name = "[CP] Copy Pods Resources";
			outputPaths = (
			);
			runOnlyForDeploymentPostprocessing = 0;
			shellPath = /bin/sh;
			shellScript = "\"${SRCROOT}/Pods/Target Support Files/Pods-Crew-Chat/Pods-Crew-Chat-resources.sh\"\n";
			showEnvVarsInLog = 0;
		};
		FBD9F5E14661610C4E7B13E5 /* [CP] Embed Pods Frameworks */ = {
			isa = PBXShellScriptBuildPhase;
			buildActionMask = 2147483647;
			files = (
			);
			inputPaths = (
			);
			name = "[CP] Embed Pods Frameworks";
			outputPaths = (
			);
			runOnlyForDeploymentPostprocessing = 0;
			shellPath = /bin/sh;
			shellScript = "\"${SRCROOT}/Pods/Target Support Files/Pods-Crew-Chat/Pods-Crew-Chat-frameworks.sh\"\n";
			showEnvVarsInLog = 0;
		};
/* End PBXShellScriptBuildPhase section */

/* Begin PBXSourcesBuildPhase section */
		097BBA2D1E7C01BC00924181 /* Sources */ = {
			isa = PBXSourcesBuildPhase;
			buildActionMask = 2147483647;
			files = (
				095CCCE21E7C499C00B23DCA /* User.swift in Sources */,
				097BBA371E7C01BC00924181 /* CameraVC.swift in Sources */,
				097BBA4A1E7C040700924181 /* CameraViewController.swift in Sources */,
				091D02151E7C2EAC00C9A437 /* LoginVC.swift in Sources */,
				091D02181E7C320D00C9A437 /* AuthService.swift in Sources */,
				097BBA351E7C01BC00924181 /* AppDelegate.swift in Sources */,
				097BBA4B1E7C040700924181 /* PhotoCaptureDelegate.swift in Sources */,
				091D02101E7C204200C9A437 /* RoundTextField.swift in Sources */,
				091D02121E7C2B2D00C9A437 /* RoundedButoon.swift in Sources */,
				095CCCDF1E7C474500B23DCA /* UserCell.swift in Sources */,
				095CCCDD1E7C463B00B23DCA /* UsersVC.swift in Sources */,
				097BBA491E7C040700924181 /* PreviewView.swift in Sources */,
				095CCCDB1E7C429500B23DCA /* DataService.swift in Sources */,
			);
			runOnlyForDeploymentPostprocessing = 0;
		};
/* End PBXSourcesBuildPhase section */

/* Begin PBXVariantGroup section */
		097BBA3D1E7C01BC00924181 /* LaunchScreen.storyboard */ = {
			isa = PBXVariantGroup;
			children = (
				097BBA3E1E7C01BC00924181 /* Base */,
			);
			name = LaunchScreen.storyboard;
			sourceTree = "<group>";
		};
/* End PBXVariantGroup section */

/* Begin XCBuildConfiguration section */
		097BBA411E7C01BC00924181 /* Debug */ = {
			isa = XCBuildConfiguration;
			buildSettings = {
				ALWAYS_SEARCH_USER_PATHS = NO;
				CLANG_ANALYZER_NONNULL = YES;
				CLANG_ANALYZER_NUMBER_OBJECT_CONVERSION = YES_AGGRESSIVE;
				CLANG_CXX_LANGUAGE_STANDARD = "gnu++0x";
				CLANG_CXX_LIBRARY = "libc++";
				CLANG_ENABLE_MODULES = YES;
				CLANG_ENABLE_OBJC_ARC = YES;
				CLANG_WARN_BOOL_CONVERSION = YES;
				CLANG_WARN_CONSTANT_CONVERSION = YES;
				CLANG_WARN_DIRECT_OBJC_ISA_USAGE = YES_ERROR;
				CLANG_WARN_DOCUMENTATION_COMMENTS = YES;
				CLANG_WARN_EMPTY_BODY = YES;
				CLANG_WARN_ENUM_CONVERSION = YES;
				CLANG_WARN_INFINITE_RECURSION = YES;
				CLANG_WARN_INT_CONVERSION = YES;
				CLANG_WARN_OBJC_ROOT_CLASS = YES_ERROR;
				CLANG_WARN_SUSPICIOUS_MOVE = YES;
				CLANG_WARN_UNREACHABLE_CODE = YES;
				CLANG_WARN__DUPLICATE_METHOD_MATCH = YES;
				"CODE_SIGN_IDENTITY[sdk=iphoneos*]" = "iPhone Developer";
				COPY_PHASE_STRIP = NO;
				DEBUG_INFORMATION_FORMAT = dwarf;
				ENABLE_STRICT_OBJC_MSGSEND = YES;
				ENABLE_TESTABILITY = YES;
				GCC_C_LANGUAGE_STANDARD = gnu99;
				GCC_DYNAMIC_NO_PIC = NO;
				GCC_NO_COMMON_BLOCKS = YES;
				GCC_OPTIMIZATION_LEVEL = 0;
				GCC_PREPROCESSOR_DEFINITIONS = (
					"DEBUG=1",
					"$(inherited)",
				);
				GCC_WARN_64_TO_32_BIT_CONVERSION = YES;
				GCC_WARN_ABOUT_RETURN_TYPE = YES_ERROR;
				GCC_WARN_UNDECLARED_SELECTOR = YES;
				GCC_WARN_UNINITIALIZED_AUTOS = YES_AGGRESSIVE;
				GCC_WARN_UNUSED_FUNCTION = YES;
				GCC_WARN_UNUSED_VARIABLE = YES;
				IPHONEOS_DEPLOYMENT_TARGET = 10.3;
				MTL_ENABLE_DEBUG_INFO = YES;
				ONLY_ACTIVE_ARCH = YES;
				SDKROOT = iphoneos;
				SWIFT_ACTIVE_COMPILATION_CONDITIONS = DEBUG;
				SWIFT_OPTIMIZATION_LEVEL = "-Onone";
				TARGETED_DEVICE_FAMILY = "1,2";
			};
			name = Debug;
		};
		097BBA421E7C01BC00924181 /* Release */ = {
			isa = XCBuildConfiguration;
			buildSettings = {
				ALWAYS_SEARCH_USER_PATHS = NO;
				CLANG_ANALYZER_NONNULL = YES;
				CLANG_ANALYZER_NUMBER_OBJECT_CONVERSION = YES_AGGRESSIVE;
				CLANG_CXX_LANGUAGE_STANDARD = "gnu++0x";
				CLANG_CXX_LIBRARY = "libc++";
				CLANG_ENABLE_MODULES = YES;
				CLANG_ENABLE_OBJC_ARC = YES;
				CLANG_WARN_BOOL_CONVERSION = YES;
				CLANG_WARN_CONSTANT_CONVERSION = YES;
				CLANG_WARN_DIRECT_OBJC_ISA_USAGE = YES_ERROR;
				CLANG_WARN_DOCUMENTATION_COMMENTS = YES;
				CLANG_WARN_EMPTY_BODY = YES;
				CLANG_WARN_ENUM_CONVERSION = YES;
				CLANG_WARN_INFINITE_RECURSION = YES;
				CLANG_WARN_INT_CONVERSION = YES;
				CLANG_WARN_OBJC_ROOT_CLASS = YES_ERROR;
				CLANG_WARN_SUSPICIOUS_MOVE = YES;
				CLANG_WARN_UNREACHABLE_CODE = YES;
				CLANG_WARN__DUPLICATE_METHOD_MATCH = YES;
				"CODE_SIGN_IDENTITY[sdk=iphoneos*]" = "iPhone Developer";
				COPY_PHASE_STRIP = NO;
				DEBUG_INFORMATION_FORMAT = "dwarf-with-dsym";
				ENABLE_NS_ASSERTIONS = NO;
				ENABLE_STRICT_OBJC_MSGSEND = YES;
				GCC_C_LANGUAGE_STANDARD = gnu99;
				GCC_NO_COMMON_BLOCKS = YES;
				GCC_WARN_64_TO_32_BIT_CONVERSION = YES;
				GCC_WARN_ABOUT_RETURN_TYPE = YES_ERROR;
				GCC_WARN_UNDECLARED_SELECTOR = YES;
				GCC_WARN_UNINITIALIZED_AUTOS = YES_AGGRESSIVE;
				GCC_WARN_UNUSED_FUNCTION = YES;
				GCC_WARN_UNUSED_VARIABLE = YES;
				IPHONEOS_DEPLOYMENT_TARGET = 10.3;
				MTL_ENABLE_DEBUG_INFO = NO;
				SDKROOT = iphoneos;
				SWIFT_OPTIMIZATION_LEVEL = "-Owholemodule";
				TARGETED_DEVICE_FAMILY = "1,2";
				VALIDATE_PRODUCT = YES;
			};
			name = Release;
		};
		097BBA441E7C01BC00924181 /* Debug */ = {
			isa = XCBuildConfiguration;
			baseConfigurationReference = D7B82D3CB957256B7E7A799F /* Pods-Crew-Chat.debug.xcconfig */;
			buildSettings = {
				ASSETCATALOG_COMPILER_APPICON_NAME = AppIcon;
				DEVELOPMENT_TEAM = 93L72G83S5;
				INFOPLIST_FILE = "Crew-Chat/Info.plist";
				IPHONEOS_DEPLOYMENT_TARGET = 10.2;
				LD_RUNPATH_SEARCH_PATHS = "$(inherited) @executable_path/Frameworks";
				PRODUCT_BUNDLE_IDENTIFIER = "com.crewnet.Crew-Chat";
				PRODUCT_NAME = "$(TARGET_NAME)";
				SWIFT_VERSION = 3.0;
			};
			name = Debug;
		};
		097BBA451E7C01BC00924181 /* Release */ = {
			isa = XCBuildConfiguration;
			baseConfigurationReference = A2253C9FFB232477A4982B75 /* Pods-Crew-Chat.release.xcconfig */;
			buildSettings = {
				ASSETCATALOG_COMPILER_APPICON_NAME = AppIcon;
				DEVELOPMENT_TEAM = 93L72G83S5;
				INFOPLIST_FILE = "Crew-Chat/Info.plist";
				IPHONEOS_DEPLOYMENT_TARGET = 10.2;
				LD_RUNPATH_SEARCH_PATHS = "$(inherited) @executable_path/Frameworks";
				PRODUCT_BUNDLE_IDENTIFIER = "com.crewnet.Crew-Chat";
				PRODUCT_NAME = "$(TARGET_NAME)";
				SWIFT_VERSION = 3.0;
			};
			name = Release;
		};
/* End XCBuildConfiguration section */

/* Begin XCConfigurationList section */
		097BBA2C1E7C01BC00924181 /* Build configuration list for PBXProject "Crew-Chat" */ = {
			isa = XCConfigurationList;
			buildConfigurations = (
				097BBA411E7C01BC00924181 /* Debug */,
				097BBA421E7C01BC00924181 /* Release */,
			);
			defaultConfigurationIsVisible = 0;
			defaultConfigurationName = Release;
		};
		097BBA431E7C01BC00924181 /* Build configuration list for PBXNativeTarget "Crew-Chat" */ = {
			isa = XCConfigurationList;
			buildConfigurations = (
				097BBA441E7C01BC00924181 /* Debug */,
				097BBA451E7C01BC00924181 /* Release */,
			);
			defaultConfigurationIsVisible = 0;
			defaultConfigurationName = Release;
		};
/* End XCConfigurationList section */
	};
	rootObject = 097BBA291E7C01BC00924181 /* Project object */;
}
